
Microsoft Visual Studio Solution File, Format Version 12.00
Project("{FAE04EC0-301F-11D3-BF4B-00C04F79EFBC}") = "JSchema", "JSchema\JSchema.csproj", "{0876A8A3-F8F2-493D-AB6E-D854660B20D0}"
EndProject
Project("{FAE04EC0-301F-11D3-BF4B-00C04F79EFBC}") = "JSchema.Tests", "JSchema.Tests\JSchema.Tests.csproj", "{D2AA1DBC-1E02-4711-98D1-FA6097A56FA2}"
EndProject
Global
	GlobalSection(SolutionConfigurationPlatforms) = preSolution
		Debug|Any CPU = Debug|Any CPU
		Release|Any CPU = Release|Any CPU
	EndGlobalSection
	GlobalSection(ProjectConfigurationPlatforms) = postSolution
		{0876A8A3-F8F2-493D-AB6E-D854660B20D0}.Debug|Any CPU.ActiveCfg = Debug|Any CPU
		{0876A8A3-F8F2-493D-AB6E-D854660B20D0}.Debug|Any CPU.Build.0 = Debug|Any CPU
		{0876A8A3-F8F2-493D-AB6E-D854660B20D0}.Release|Any CPU.ActiveCfg = Release|Any CPU
		{0876A8A3-F8F2-493D-AB6E-D854660B20D0}.Release|Any CPU.Build.0 = Release|Any CPU
		{D2AA1DBC-1E02-4711-98D1-FA6097A56FA2}.Debug|Any CPU.ActiveCfg = Debug|Any CPU
		{D2AA1DBC-1E02-4711-98D1-FA6097A56FA2}.Debug|Any CPU.Build.0 = Debug|Any CPU
		{D2AA1DBC-1E02-4711-98D1-FA6097A56FA2}.Release|Any CPU.ActiveCfg = Release|Any CPU
		{D2AA1DBC-1E02-4711-98D1-FA6097A56FA2}.Release|Any CPU.Build.0 = Release|Any CPU
	EndGlobalSection
EndGlobal